// !$*UTF8*$!
{
	archiveVersion = 1;
	classes = {
	};
	objectVersion = 50;
	objects = {

/* Begin PBXBuildFile section */
		2459A261211B388100A40445 /* AppDelegate.swift in Sources */ = {isa = PBXBuildFile; fileRef = 2459A260211B388100A40445 /* AppDelegate.swift */; };
		2459A263211B388100A40445 /* ViewController.swift in Sources */ = {isa = PBXBuildFile; fileRef = 2459A262211B388100A40445 /* ViewController.swift */; };
		2459A266211B388100A40445 /* Main.storyboard in Resources */ = {isa = PBXBuildFile; fileRef = 2459A264211B388100A40445 /* Main.storyboard */; };
		2459A268211B388400A40445 /* Assets.xcassets in Resources */ = {isa = PBXBuildFile; fileRef = 2459A267211B388400A40445 /* Assets.xcassets */; };
		2459A26B211B388400A40445 /* LaunchScreen.storyboard in Resources */ = {isa = PBXBuildFile; fileRef = 2459A269211B388400A40445 /* LaunchScreen.storyboard */; };
		2459A276211B388400A40445 /* FBLogin_RealmTests.swift in Sources */ = {isa = PBXBuildFile; fileRef = 2459A275211B388400A40445 /* FBLogin_RealmTests.swift */; };
		2459A282211B474D00A40445 /* FacebookManager.swift in Sources */ = {isa = PBXBuildFile; fileRef = 2459A281211B474D00A40445 /* FacebookManager.swift */; };
		46B6CF4EBE5363368A58F2B2 /* Pods_FBLogin_Realm.framework in Frameworks */ = {isa = PBXBuildFile; fileRef = 2BF51E8C142A3BAA6B4F7479 /* Pods_FBLogin_Realm.framework */; };
		EF2CC38BD3F264DA14D8AFED /* Pods_FBLogin_RealmTests.framework in Frameworks */ = {isa = PBXBuildFile; fileRef = 63952A7CC45DC766EDF83260 /* Pods_FBLogin_RealmTests.framework */; };
/* End PBXBuildFile section */

/* Begin PBXContainerItemProxy section */
		2459A272211B388400A40445 /* PBXContainerItemProxy */ = {
			isa = PBXContainerItemProxy;
			containerPortal = 2459A255211B388100A40445 /* Project object */;
			proxyType = 1;
			remoteGlobalIDString = 2459A25C211B388100A40445;
			remoteInfo = "FBLogin Realm";
		};
/* End PBXContainerItemProxy section */

/* Begin PBXFileReference section */
		2459A25D211B388100A40445 /* FBLogin Realm.app */ = {isa = PBXFileReference; explicitFileType = wrapper.application; includeInIndex = 0; path = "FBLogin Realm.app"; sourceTree = BUILT_PRODUCTS_DIR; };
		2459A260211B388100A40445 /* AppDelegate.swift */ = {isa = PBXFileReference; lastKnownFileType = sourcecode.swift; path = AppDelegate.swift; sourceTree = "<group>"; };
		2459A262211B388100A40445 /* ViewController.swift */ = {isa = PBXFileReference; lastKnownFileType = sourcecode.swift; path = ViewController.swift; sourceTree = "<group>"; };
		2459A265211B388100A40445 /* Base */ = {isa = PBXFileReference; lastKnownFileType = file.storyboard; name = Base; path = Base.lproj/Main.storyboard; sourceTree = "<group>"; };
		2459A267211B388400A40445 /* Assets.xcassets */ = {isa = PBXFileReference; lastKnownFileType = folder.assetcatalog; path = Assets.xcassets; sourceTree = "<group>"; };
		2459A26A211B388400A40445 /* Base */ = {isa = PBXFileReference; lastKnownFileType = file.storyboard; name = Base; path = Base.lproj/LaunchScreen.storyboard; sourceTree = "<group>"; };
		2459A26C211B388400A40445 /* Info.plist */ = {isa = PBXFileReference; lastKnownFileType = text.plist.xml; path = Info.plist; sourceTree = "<group>"; };
		2459A271211B388400A40445 /* FBLogin RealmTests.xctest */ = {isa = PBXFileReference; explicitFileType = wrapper.cfbundle; includeInIndex = 0; path = "FBLogin RealmTests.xctest"; sourceTree = BUILT_PRODUCTS_DIR; };
		2459A275211B388400A40445 /* FBLogin_RealmTests.swift */ = {isa = PBXFileReference; lastKnownFileType = sourcecode.swift; path = FBLogin_RealmTests.swift; sourceTree = "<group>"; };
		2459A277211B388400A40445 /* Info.plist */ = {isa = PBXFileReference; lastKnownFileType = text.plist.xml; path = Info.plist; sourceTree = "<group>"; };
		2459A281211B474D00A40445 /* FacebookManager.swift */ = {isa = PBXFileReference; lastKnownFileType = sourcecode.swift; path = FacebookManager.swift; sourceTree = "<group>"; };
		28C9FD5E416C8775607D4A36 /* Pods-FBLogin RealmTests.debug.xcconfig */ = {isa = PBXFileReference; includeInIndex = 1; lastKnownFileType = text.xcconfig; name = "Pods-FBLogin RealmTests.debug.xcconfig"; path = "Pods/Target Support Files/Pods-FBLogin RealmTests/Pods-FBLogin RealmTests.debug.xcconfig"; sourceTree = "<group>"; };
		2BF51E8C142A3BAA6B4F7479 /* Pods_FBLogin_Realm.framework */ = {isa = PBXFileReference; explicitFileType = wrapper.framework; includeInIndex = 0; path = Pods_FBLogin_Realm.framework; sourceTree = BUILT_PRODUCTS_DIR; };
		30491BF01B3C0C0D565C018A /* Pods-FBLogin Realm.release.xcconfig */ = {isa = PBXFileReference; includeInIndex = 1; lastKnownFileType = text.xcconfig; name = "Pods-FBLogin Realm.release.xcconfig"; path = "Pods/Target Support Files/Pods-FBLogin Realm/Pods-FBLogin Realm.release.xcconfig"; sourceTree = "<group>"; };
		63952A7CC45DC766EDF83260 /* Pods_FBLogin_RealmTests.framework */ = {isa = PBXFileReference; explicitFileType = wrapper.framework; includeInIndex = 0; path = Pods_FBLogin_RealmTests.framework; sourceTree = BUILT_PRODUCTS_DIR; };
		6399829C599F87F25E1CA686 /* Pods-FBLogin RealmTests.release.xcconfig */ = {isa = PBXFileReference; includeInIndex = 1; lastKnownFileType = text.xcconfig; name = "Pods-FBLogin RealmTests.release.xcconfig"; path = "Pods/Target Support Files/Pods-FBLogin RealmTests/Pods-FBLogin RealmTests.release.xcconfig"; sourceTree = "<group>"; };
		7B4B39C8806BA48DBAB3441E /* Pods-FBLogin Realm.debug.xcconfig */ = {isa = PBXFileReference; includeInIndex = 1; lastKnownFileType = text.xcconfig; name = "Pods-FBLogin Realm.debug.xcconfig"; path = "Pods/Target Support Files/Pods-FBLogin Realm/Pods-FBLogin Realm.debug.xcconfig"; sourceTree = "<group>"; };
/* End PBXFileReference section */

/* Begin PBXFrameworksBuildPhase section */
		2459A25A211B388100A40445 /* Frameworks */ = {
			isa = PBXFrameworksBuildPhase;
			buildActionMask = 2147483647;
			files = (
				46B6CF4EBE5363368A58F2B2 /* Pods_FBLogin_Realm.framework in Frameworks */,
			);
			runOnlyForDeploymentPostprocessing = 0;
		};
		2459A26E211B388400A40445 /* Frameworks */ = {
			isa = PBXFrameworksBuildPhase;
			buildActionMask = 2147483647;
			files = (
				EF2CC38BD3F264DA14D8AFED /* Pods_FBLogin_RealmTests.framework in Frameworks */,
			);
			runOnlyForDeploymentPostprocessing = 0;
		};
/* End PBXFrameworksBuildPhase section */

/* Begin PBXGroup section */
		2459A254211B388100A40445 = {
			isa = PBXGroup;
			children = (
				2459A25F211B388100A40445 /* FBLogin Realm */,
				2459A274211B388400A40445 /* FBLogin RealmTests */,
				2459A25E211B388100A40445 /* Products */,
				F57A0413BB53FEB523A4ED12 /* Pods */,
				BE61CDE5F39644E7FEA1950D /* Frameworks */,
			);
			sourceTree = "<group>";
		};
		2459A25E211B388100A40445 /* Products */ = {
			isa = PBXGroup;
			children = (
				2459A25D211B388100A40445 /* FBLogin Realm.app */,
				2459A271211B388400A40445 /* FBLogin RealmTests.xctest */,
			);
			name = Products;
			sourceTree = "<group>";
		};
		2459A25F211B388100A40445 /* FBLogin Realm */ = {
			isa = PBXGroup;
			children = (
				2459A280211B46F500A40445 /* facebook */,
				2459A260211B388100A40445 /* AppDelegate.swift */,
				2459A262211B388100A40445 /* ViewController.swift */,
				2459A264211B388100A40445 /* Main.storyboard */,
				2459A267211B388400A40445 /* Assets.xcassets */,
				2459A269211B388400A40445 /* LaunchScreen.storyboard */,
				2459A26C211B388400A40445 /* Info.plist */,
			);
			path = "FBLogin Realm";
			sourceTree = "<group>";
		};
		2459A274211B388400A40445 /* FBLogin RealmTests */ = {
			isa = PBXGroup;
			children = (
				2459A275211B388400A40445 /* FBLogin_RealmTests.swift */,
				2459A277211B388400A40445 /* Info.plist */,
			);
			path = "FBLogin RealmTests";
			sourceTree = "<group>";
		};
		2459A280211B46F500A40445 /* facebook */ = {
			isa = PBXGroup;
			children = (
				2459A281211B474D00A40445 /* FacebookManager.swift */,
			);
			path = facebook;
			sourceTree = "<group>";
		};
		BE61CDE5F39644E7FEA1950D /* Frameworks */ = {
			isa = PBXGroup;
			children = (
				2BF51E8C142A3BAA6B4F7479 /* Pods_FBLogin_Realm.framework */,
				63952A7CC45DC766EDF83260 /* Pods_FBLogin_RealmTests.framework */,
			);
			name = Frameworks;
			sourceTree = "<group>";
		};
		F57A0413BB53FEB523A4ED12 /* Pods */ = {
			isa = PBXGroup;
			children = (
				7B4B39C8806BA48DBAB3441E /* Pods-FBLogin Realm.debug.xcconfig */,
				30491BF01B3C0C0D565C018A /* Pods-FBLogin Realm.release.xcconfig */,
				28C9FD5E416C8775607D4A36 /* Pods-FBLogin RealmTests.debug.xcconfig */,
				6399829C599F87F25E1CA686 /* Pods-FBLogin RealmTests.release.xcconfig */,
			);
			name = Pods;
			sourceTree = "<group>";
		};
/* End PBXGroup section */

/* Begin PBXNativeTarget section */
		2459A25C211B388100A40445 /* FBLogin Realm */ = {
			isa = PBXNativeTarget;
			buildConfigurationList = 2459A27A211B388400A40445 /* Build configuration list for PBXNativeTarget "FBLogin Realm" */;
			buildPhases = (
				51E17484F895C14280189283 /* [CP] Check Pods Manifest.lock */,
				2459A259211B388100A40445 /* Sources */,
				2459A25A211B388100A40445 /* Frameworks */,
				2459A25B211B388100A40445 /* Resources */,
				A58B18C0769A2B1D130BF111 /* [CP] Embed Pods Frameworks */,
			);
			buildRules = (
			);
			dependencies = (
			);
			name = "FBLogin Realm";
			productName = "FBLogin Realm";
			productReference = 2459A25D211B388100A40445 /* FBLogin Realm.app */;
			productType = "com.apple.product-type.application";
		};
		2459A270211B388400A40445 /* FBLogin RealmTests */ = {
			isa = PBXNativeTarget;
			buildConfigurationList = 2459A27D211B388400A40445 /* Build configuration list for PBXNativeTarget "FBLogin RealmTests" */;
			buildPhases = (
				A614486DB52C9ADC2963F79B /* [CP] Check Pods Manifest.lock */,
				2459A26D211B388400A40445 /* Sources */,
				2459A26E211B388400A40445 /* Frameworks */,
				2459A26F211B388400A40445 /* Resources */,
			);
			buildRules = (
			);
			dependencies = (
				2459A273211B388400A40445 /* PBXTargetDependency */,
			);
			name = "FBLogin RealmTests";
			productName = "FBLogin RealmTests";
			productReference = 2459A271211B388400A40445 /* FBLogin RealmTests.xctest */;
			productType = "com.apple.product-type.bundle.unit-test";
		};
/* End PBXNativeTarget section */

/* Begin PBXProject section */
		2459A255211B388100A40445 /* Project object */ = {
			isa = PBXProject;
			attributes = {
				LastSwiftUpdateCheck = 0940;
				LastUpgradeCheck = 0940;
				ORGANIZATIONNAME = Ryan;
				TargetAttributes = {
					2459A25C211B388100A40445 = {
						CreatedOnToolsVersion = 9.4;
					};
					2459A270211B388400A40445 = {
						CreatedOnToolsVersion = 9.4;
						TestTargetID = 2459A25C211B388100A40445;
					};
				};
			};
			buildConfigurationList = 2459A258211B388100A40445 /* Build configuration list for PBXProject "FBLogin Realm" */;
			compatibilityVersion = "Xcode 9.3";
			developmentRegion = en;
			hasScannedForEncodings = 0;
			knownRegions = (
				en,
				Base,
			);
			mainGroup = 2459A254211B388100A40445;
			productRefGroup = 2459A25E211B388100A40445 /* Products */;
			projectDirPath = "";
			projectRoot = "";
			targets = (
				2459A25C211B388100A40445 /* FBLogin Realm */,
				2459A270211B388400A40445 /* FBLogin RealmTests */,
			);
		};
/* End PBXProject section */

/* Begin PBXResourcesBuildPhase section */
		2459A25B211B388100A40445 /* Resources */ = {
			isa = PBXResourcesBuildPhase;
			buildActionMask = 2147483647;
			files = (
				2459A26B211B388400A40445 /* LaunchScreen.storyboard in Resources */,
				2459A268211B388400A40445 /* Assets.xcassets in Resources */,
				2459A266211B388100A40445 /* Main.storyboard in Resources */,
			);
			runOnlyForDeploymentPostprocessing = 0;
		};
		2459A26F211B388400A40445 /* Resources */ = {
			isa = PBXResourcesBuildPhase;
			buildActionMask = 2147483647;
			files = (
			);
			runOnlyForDeploymentPostprocessing = 0;
		};
/* End PBXResourcesBuildPhase section */

/* Begin PBXShellScriptBuildPhase section */
		51E17484F895C14280189283 /* [CP] Check Pods Manifest.lock */ = {
			isa = PBXShellScriptBuildPhase;
			buildActionMask = 2147483647;
			files = (
			);
			inputPaths = (
				"${PODS_PODFILE_DIR_PATH}/Podfile.lock",
				"${PODS_ROOT}/Manifest.lock",
			);
			name = "[CP] Check Pods Manifest.lock";
			outputPaths = (
				"$(DERIVED_FILE_DIR)/Pods-FBLogin Realm-checkManifestLockResult.txt",
			);
			runOnlyForDeploymentPostprocessing = 0;
			shellPath = /bin/sh;
			shellScript = "diff \"${PODS_PODFILE_DIR_PATH}/Podfile.lock\" \"${PODS_ROOT}/Manifest.lock\" > /dev/null\nif [ $? != 0 ] ; then\n    # print error to STDERR\n    echo \"error: The sandbox is not in sync with the Podfile.lock. Run 'pod install' or update your CocoaPods installation.\" >&2\n    exit 1\nfi\n# This output is used by Xcode 'outputs' to avoid re-running this script phase.\necho \"SUCCESS\" > \"${SCRIPT_OUTPUT_FILE_0}\"\n";
			showEnvVarsInLog = 0;
		};
		A58B18C0769A2B1D130BF111 /* [CP] Embed Pods Frameworks */ = {
			isa = PBXShellScriptBuildPhase;
			buildActionMask = 2147483647;
			files = (
			);
			inputPaths = (
				"${SRCROOT}/Pods/Target Support Files/Pods-FBLogin Realm/Pods-FBLogin Realm-frameworks.sh",
				"${BUILT_PRODUCTS_DIR}/Bolts/Bolts.framework",
				"${BUILT_PRODUCTS_DIR}/FBSDKCoreKit/FBSDKCoreKit.framework",
				"${BUILT_PRODUCTS_DIR}/FBSDKLoginKit/FBSDKLoginKit.framework",
			);
			name = "[CP] Embed Pods Frameworks";
			outputPaths = (
				"${TARGET_BUILD_DIR}/${FRAMEWORKS_FOLDER_PATH}/Bolts.framework",
				"${TARGET_BUILD_DIR}/${FRAMEWORKS_FOLDER_PATH}/FBSDKCoreKit.framework",
				"${TARGET_BUILD_DIR}/${FRAMEWORKS_FOLDER_PATH}/FBSDKLoginKit.framework",
			);
			runOnlyForDeploymentPostprocessing = 0;
			shellPath = /bin/sh;
			shellScript = "\"${SRCROOT}/Pods/Target Support Files/Pods-FBLogin Realm/Pods-FBLogin Realm-frameworks.sh\"\n";
			showEnvVarsInLog = 0;
		};
		A614486DB52C9ADC2963F79B /* [CP] Check Pods Manifest.lock */ = {
			isa = PBXShellScriptBuildPhase;
			buildActionMask = 2147483647;
			files = (
			);
			inputPaths = (
				"${PODS_PODFILE_DIR_PATH}/Podfile.lock",
				"${PODS_ROOT}/Manifest.lock",
			);
			name = "[CP] Check Pods Manifest.lock";
			outputPaths = (
				"$(DERIVED_FILE_DIR)/Pods-FBLogin RealmTests-checkManifestLockResult.txt",
			);
			runOnlyForDeploymentPostprocessing = 0;
			shellPath = /bin/sh;
			shellScript = "diff \"${PODS_PODFILE_DIR_PATH}/Podfile.lock\" \"${PODS_ROOT}/Manifest.lock\" > /dev/null\nif [ $? != 0 ] ; then\n    # print error to STDERR\n    echo \"error: The sandbox is not in sync with the Podfile.lock. Run 'pod install' or update your CocoaPods installation.\" >&2\n    exit 1\nfi\n# This output is used by Xcode 'outputs' to avoid re-running this script phase.\necho \"SUCCESS\" > \"${SCRIPT_OUTPUT_FILE_0}\"\n";
			showEnvVarsInLog = 0;
		};
/* End PBXShellScriptBuildPhase section */

/* Begin PBXSourcesBuildPhase section */
		2459A259211B388100A40445 /* Sources */ = {
			isa = PBXSourcesBuildPhase;
			buildActionMask = 2147483647;
			files = (
				2459A282211B474D00A40445 /* FacebookManager.swift in Sources */,
				2459A263211B388100A40445 /* ViewController.swift in Sources */,
				2459A261211B388100A40445 /* AppDelegate.swift in Sources */,
			);
			runOnlyForDeploymentPostprocessing = 0;
		};
		2459A26D211B388400A40445 /* Sources */ = {
			isa = PBXSourcesBuildPhase;
			buildActionMask = 2147483647;
			files = (
				2459A276211B388400A40445 /* FBLogin_RealmTests.swift in Sources */,
			);
			runOnlyForDeploymentPostprocessing = 0;
		};
/* End PBXSourcesBuildPhase section */

/* Begin PBXTargetDependency section */
		2459A273211B388400A40445 /* PBXTargetDependency */ = {
			isa = PBXTargetDependency;
			target = 2459A25C211B388100A40445 /* FBLogin Realm */;
			targetProxy = 2459A272211B388400A40445 /* PBXContainerItemProxy */;
		};
/* End PBXTargetDependency section */

/* Begin PBXVariantGroup section */
		2459A264211B388100A40445 /* Main.storyboard */ = {
			isa = PBXVariantGroup;
			children = (
				2459A265211B388100A40445 /* Base */,
			);
			name = Main.storyboard;
			sourceTree = "<group>";
		};
		2459A269211B388400A40445 /* LaunchScreen.storyboard */ = {
			isa = PBXVariantGroup;
			children = (
				2459A26A211B388400A40445 /* Base */,
			);
			name = LaunchScreen.storyboard;
			sourceTree = "<group>";
		};
/* End PBXVariantGroup section */

/* Begin XCBuildConfiguration section */
		2459A278211B388400A40445 /* Debug */ = {
			isa = XCBuildConfiguration;
			buildSettings = {
				ALWAYS_SEARCH_USER_PATHS = NO;
				CLANG_ANALYZER_NONNULL = YES;
				CLANG_ANALYZER_NUMBER_OBJECT_CONVERSION = YES_AGGRESSIVE;
				CLANG_CXX_LANGUAGE_STANDARD = "gnu++14";
				CLANG_CXX_LIBRARY = "libc++";
				CLANG_ENABLE_MODULES = YES;
				CLANG_ENABLE_OBJC_ARC = YES;
				CLANG_ENABLE_OBJC_WEAK = YES;
				CLANG_WARN_BLOCK_CAPTURE_AUTORELEASING = YES;
				CLANG_WARN_BOOL_CONVERSION = YES;
				CLANG_WARN_COMMA = YES;
				CLANG_WARN_CONSTANT_CONVERSION = YES;
				CLANG_WARN_DEPRECATED_OBJC_IMPLEMENTATIONS = YES;
				CLANG_WARN_DIRECT_OBJC_ISA_USAGE = YES_ERROR;
				CLANG_WARN_DOCUMENTATION_COMMENTS = YES;
				CLANG_WARN_EMPTY_BODY = YES;
				CLANG_WARN_ENUM_CONVERSION = YES;
				CLANG_WARN_INFINITE_RECURSION = YES;
				CLANG_WARN_INT_CONVERSION = YES;
				CLANG_WARN_NON_LITERAL_NULL_CONVERSION = YES;
				CLANG_WARN_OBJC_IMPLICIT_RETAIN_SELF = YES;
				CLANG_WARN_OBJC_LITERAL_CONVERSION = YES;
				CLANG_WARN_OBJC_ROOT_CLASS = YES_ERROR;
				CLANG_WARN_RANGE_LOOP_ANALYSIS = YES;
				CLANG_WARN_STRICT_PROTOTYPES = YES;
				CLANG_WARN_SUSPICIOUS_MOVE = YES;
				CLANG_WARN_UNGUARDED_AVAILABILITY = YES_AGGRESSIVE;
				CLANG_WARN_UNREACHABLE_CODE = YES;
				CLANG_WARN__DUPLICATE_METHOD_MATCH = YES;
				CODE_SIGN_IDENTITY = "iPhone Developer";
				COPY_PHASE_STRIP = NO;
				DEBUG_INFORMATION_FORMAT = dwarf;
				ENABLE_STRICT_OBJC_MSGSEND = YES;
				ENABLE_TESTABILITY = YES;
				GCC_C_LANGUAGE_STANDARD = gnu11;
				GCC_DYNAMIC_NO_PIC = NO;
				GCC_NO_COMMON_BLOCKS = YES;
				GCC_OPTIMIZATION_LEVEL = 0;
				GCC_PREPROCESSOR_DEFINITIONS = (
					"DEBUG=1",
					"$(inherited)",
				);
				GCC_WARN_64_TO_32_BIT_CONVERSION = YES;
				GCC_WARN_ABOUT_RETURN_TYPE = YES_ERROR;
				GCC_WARN_UNDECLARED_SELECTOR = YES;
				GCC_WARN_UNINITIALIZED_AUTOS = YES_AGGRESSIVE;
				GCC_WARN_UNUSED_FUNCTION = YES;
				GCC_WARN_UNUSED_VARIABLE = YES;
				IPHONEOS_DEPLOYMENT_TARGET = 11.4;
				MTL_ENABLE_DEBUG_INFO = YES;
				ONLY_ACTIVE_ARCH = YES;
				SDKROOT = iphoneos;
				SWIFT_ACTIVE_COMPILATION_CONDITIONS = DEBUG;
				SWIFT_OPTIMIZATION_LEVEL = "-Onone";
			};
			name = Debug;
		};
		2459A279211B388400A40445 /* Release */ = {
			isa = XCBuildConfiguration;
			buildSettings = {
				ALWAYS_SEARCH_USER_PATHS = NO;
				CLANG_ANALYZER_NONNULL = YES;
				CLANG_ANALYZER_NUMBER_OBJECT_CONVERSION = YES_AGGRESSIVE;
				CLANG_CXX_LANGUAGE_STANDARD = "gnu++14";
				CLANG_CXX_LIBRARY = "libc++";
				CLANG_ENABLE_MODULES = YES;
				CLANG_ENABLE_OBJC_ARC = YES;
				CLANG_ENABLE_OBJC_WEAK = YES;
				CLANG_WARN_BLOCK_CAPTURE_AUTORELEASING = YES;
				CLANG_WARN_BOOL_CONVERSION = YES;
				CLANG_WARN_COMMA = YES;
				CLANG_WARN_CONSTANT_CONVERSION = YES;
				CLANG_WARN_DEPRECATED_OBJC_IMPLEMENTATIONS = YES;
				CLANG_WARN_DIRECT_OBJC_ISA_USAGE = YES_ERROR;
				CLANG_WARN_DOCUMENTATION_COMMENTS = YES;
				CLANG_WARN_EMPTY_BODY = YES;
				CLANG_WARN_ENUM_CONVERSION = YES;
				CLANG_WARN_INFINITE_RECURSION = YES;
				CLANG_WARN_INT_CONVERSION = YES;
				CLANG_WARN_NON_LITERAL_NULL_CONVERSION = YES;
				CLANG_WARN_OBJC_IMPLICIT_RETAIN_SELF = YES;
				CLANG_WARN_OBJC_LITERAL_CONVERSION = YES;
				CLANG_WARN_OBJC_ROOT_CLASS = YES_ERROR;
				CLANG_WARN_RANGE_LOOP_ANALYSIS = YES;
				CLANG_WARN_STRICT_PROTOTYPES = YES;
				CLANG_WARN_SUSPICIOUS_MOVE = YES;
				CLANG_WARN_UNGUARDED_AVAILABILITY = YES_AGGRESSIVE;
				CLANG_WARN_UNREACHABLE_CODE = YES;
				CLANG_WARN__DUPLICATE_METHOD_MATCH = YES;
				CODE_SIGN_IDENTITY = "iPhone Developer";
				COPY_PHASE_STRIP = NO;
				DEBUG_INFORMATION_FORMAT = "dwarf-with-dsym";
				ENABLE_NS_ASSERTIONS = NO;
				ENABLE_STRICT_OBJC_MSGSEND = YES;
				GCC_C_LANGUAGE_STANDARD = gnu11;
				GCC_NO_COMMON_BLOCKS = YES;
				GCC_WARN_64_TO_32_BIT_CONVERSION = YES;
				GCC_WARN_ABOUT_RETURN_TYPE = YES_ERROR;
				GCC_WARN_UNDECLARED_SELECTOR = YES;
				GCC_WARN_UNINITIALIZED_AUTOS = YES_AGGRESSIVE;
				GCC_WARN_UNUSED_FUNCTION = YES;
				GCC_WARN_UNUSED_VARIABLE = YES;
				IPHONEOS_DEPLOYMENT_TARGET = 11.4;
				MTL_ENABLE_DEBUG_INFO = NO;
				SDKROOT = iphoneos;
				SWIFT_COMPILATION_MODE = wholemodule;
				SWIFT_OPTIMIZATION_LEVEL = "-O";
				VALIDATE_PRODUCT = YES;
			};
			name = Release;
		};
		2459A27B211B388400A40445 /* Debug */ = {
			isa = XCBuildConfiguration;
			baseConfigurationReference = 7B4B39C8806BA48DBAB3441E /* Pods-FBLogin Realm.debug.xcconfig */;
			buildSettings = {
				ASSETCATALOG_COMPILER_APPICON_NAME = AppIcon;
				CODE_SIGN_STYLE = Automatic;
				INFOPLIST_FILE = "FBLogin Realm/Info.plist";
				LD_RUNPATH_SEARCH_PATHS = (
					"$(inherited)",
					"@executable_path/Frameworks",
				);
				PRODUCT_BUNDLE_IDENTIFIER = "com.ryan.matthew.FBLogin-Realm";
				PRODUCT_NAME = "$(TARGET_NAME)";
				SWIFT_VERSION = 4.0;
				TARGETED_DEVICE_FAMILY = "1,2";
			};
			name = Debug;
		};
		2459A27C211B388400A40445 /* Release */ = {
			isa = XCBuildConfiguration;
			baseConfigurationReference = 30491BF01B3C0C0D565C018A /* Pods-FBLogin Realm.release.xcconfig */;
			buildSettings = {
				ASSETCATALOG_COMPILER_APPICON_NAME = AppIcon;
				CODE_SIGN_STYLE = Automatic;
				INFOPLIST_FILE = "FBLogin Realm/Info.plist";
				LD_RUNPATH_SEARCH_PATHS = (
					"$(inherited)",
					"@executable_path/Frameworks",
				);
				PRODUCT_BUNDLE_IDENTIFIER = "com.ryan.matthew.FBLogin-Realm";
				PRODUCT_NAME = "$(TARGET_NAME)";
				SWIFT_VERSION = 4.0;
				TARGETED_DEVICE_FAMILY = "1,2";
			};
			name = Release;
		};
		2459A27E211B388400A40445 /* Debug */ = {
			isa = XCBuildConfiguration;
			baseConfigurationReference = 28C9FD5E416C8775607D4A36 /* Pods-FBLogin RealmTests.debug.xcconfig */;
			buildSettings = {
				ALWAYS_EMBED_SWIFT_STANDARD_LIBRARIES = YES;
				BUNDLE_LOADER = "$(TEST_HOST)";
				CODE_SIGN_STYLE = Automatic;
				INFOPLIST_FILE = "FBLogin RealmTests/Info.plist";
				LD_RUNPATH_SEARCH_PATHS = (
					"$(inherited)",
					"@executable_path/Frameworks",
					"@loader_path/Frameworks",
				);
				PRODUCT_BUNDLE_IDENTIFIER = "com.ryan.matthew.FBLogin-RealmTests";
				PRODUCT_NAME = "$(TARGET_NAME)";
				SWIFT_VERSION = 4.0;
				TARGETED_DEVICE_FAMILY = "1,2";
				TEST_HOST = "$(BUILT_PRODUCTS_DIR)/FBLogin Realm.app/FBLogin Realm";
			};
			name = Debug;
		};
		2459A27F211B388400A40445 /* Release */ = {
			isa = XCBuildConfiguration;
			baseConfigurationReference = 6399829C599F87F25E1CA686 /* Pods-FBLogin RealmTests.release.xcconfig */;
			buildSettings = {
				ALWAYS_EMBED_SWIFT_STANDARD_LIBRARIES = YES;
				BUNDLE_LOADER = "$(TEST_HOST)";
				CODE_SIGN_STYLE = Automatic;
				INFOPLIST_FILE = "FBLogin RealmTests/Info.plist";
				LD_RUNPATH_SEARCH_PATHS = (
					"$(inherited)",
					"@executable_path/Frameworks",
					"@loader_path/Frameworks",
				);
				PRODUCT_BUNDLE_IDENTIFIER = "com.ryan.matthew.FBLogin-RealmTests";
				PRODUCT_NAME = "$(TARGET_NAME)";
				SWIFT_VERSION = 4.0;
				TARGETED_DEVICE_FAMILY = "1,2";
				TEST_HOST = "$(BUILT_PRODUCTS_DIR)/FBLogin Realm.app/FBLogin Realm";
			};
			name = Release;
		};
/* End XCBuildConfiguration section */

/* Begin XCConfigurationList section */
		2459A258211B388100A40445 /* Build configuration list for PBXProject "FBLogin Realm" */ = {
			isa = XCConfigurationList;
			buildConfigurations = (
				2459A278211B388400A40445 /* Debug */,
				2459A279211B388400A40445 /* Release */,
			);
			defaultConfigurationIsVisible = 0;
			defaultConfigurationName = Release;
		};
		2459A27A211B388400A40445 /* Build configuration list for PBXNativeTarget "FBLogin Realm" */ = {
			isa = XCConfigurationList;
			buildConfigurations = (
				2459A27B211B388400A40445 /* Debug */,
				2459A27C211B388400A40445 /* Release */,
			);
			defaultConfigurationIsVisible = 0;
			defaultConfigurationName = Release;
		};
		2459A27D211B388400A40445 /* Build configuration list for PBXNativeTarget "FBLogin RealmTests" */ = {
			isa = XCConfigurationList;
			buildConfigurations = (
				2459A27E211B388400A40445 /* Debug */,
				2459A27F211B388400A40445 /* Release */,
			);
			defaultConfigurationIsVisible = 0;
			defaultConfigurationName = Release;
		};
/* End XCConfigurationList section */
	};
	rootObject = 2459A255211B388100A40445 /* Project object */;
}
